
Microsoft Visual Studio Solution File, Format Version 12.00
# Visual Studio Version 16
VisualStudioVersion = 16.0.30320.27
MinimumVisualStudioVersion = 10.0.40219.1
Project("{FAE04EC0-301F-11D3-BF4B-00C04F79EFBC}") = "EOSCRM.Domain", "EOSCRM.Domain\EOSCRM.Domain.csproj", "{981DC80C-4611-45D2-93F5-CCD41CBC10FD}"
EndProject
Project("{FAE04EC0-301F-11D3-BF4B-00C04F79EFBC}") = "EOSCRM.Dao", "EOSCRM.Dao\EOSCRM.Dao.csproj", "{218EEAD3-D699-4BCC-A274-153850ADBAED}"
EndProject
Project("{FAE04EC0-301F-11D3-BF4B-00C04F79EFBC}") = "EOSCRM.Util", "EOSCRM.Util\EOSCRM.Util.csproj", "{335CE671-1D65-49AB-B08C-843D0E579AE9}"
EndProject
Project("{FAE04EC0-301F-11D3-BF4B-00C04F79EFBC}") = "EOSCRM.Controls", "EOSCRM.Controls\EOSCRM.Controls.csproj", "{7C8116B0-0734-4760-A61D-7CDB22312CAC}"
EndProject
Project("{FAE04EC0-301F-11D3-BF4B-00C04F79EFBC}") = "EOSCRM.Web", "EOSCRM.Web\EOSCRM.Web.csproj", "{1B7262E1-CD9F-4E09-8806-71F581ACE9E3}"
EndProject
Project("{FAE04EC0-301F-11D3-BF4B-00C04F79EFBC}") = "POWACO.Dapper", "POWACO.Dapper\POWACO.Dapper.csproj", "{15AB9251-6154-49A0-BFA9-F9D4665F2CC8}"
EndProject
Global
	GlobalSection(SolutionConfigurationPlatforms) = preSolution
		Debug|Any CPU = Debug|Any CPU
		Release|Any CPU = Release|Any CPU
	EndGlobalSection
	GlobalSection(ProjectConfigurationPlatforms) = postSolution
		{981DC80C-4611-45D2-93F5-CCD41CBC10FD}.Debug|Any CPU.ActiveCfg = Debug|Any CPU
		{981DC80C-4611-45D2-93F5-CCD41CBC10FD}.Debug|Any CPU.Build.0 = Debug|Any CPU
		{981DC80C-4611-45D2-93F5-CCD41CBC10FD}.Release|Any CPU.ActiveCfg = Release|Any CPU
		{981DC80C-4611-45D2-93F5-CCD41CBC10FD}.Release|Any CPU.Build.0 = Release|Any CPU
		{218EEAD3-D699-4BCC-A274-153850ADBAED}.Debug|Any CPU.ActiveCfg = Debug|Any CPU
		{218EEAD3-D699-4BCC-A274-153850ADBAED}.Debug|Any CPU.Build.0 = Debug|Any CPU
		{218EEAD3-D699-4BCC-A274-153850ADBAED}.Release|Any CPU.ActiveCfg = Release|Any CPU
		{218EEAD3-D699-4BCC-A274-153850ADBAED}.Release|Any CPU.Build.0 = Release|Any CPU
		{335CE671-1D65-49AB-B08C-843D0E579AE9}.Debug|Any CPU.ActiveCfg = Debug|Any CPU
		{335CE671-1D65-49AB-B08C-843D0E579AE9}.Debug|Any CPU.Build.0 = Debug|Any CPU
		{335CE671-1D65-49AB-B08C-843D0E579AE9}.Release|Any CPU.ActiveCfg = Release|Any CPU
		{335CE671-1D65-49AB-B08C-843D0E579AE9}.Release|Any CPU.Build.0 = Release|Any CPU
		{7C8116B0-0734-4760-A61D-7CDB22312CAC}.Debug|Any CPU.ActiveCfg = Debug|Any CPU
		{7C8116B0-0734-4760-A61D-7CDB22312CAC}.Debug|Any CPU.Build.0 = Debug|Any CPU
		{7C8116B0-0734-4760-A61D-7CDB22312CAC}.Release|Any CPU.ActiveCfg = Release|Any CPU
		{7C8116B0-0734-4760-A61D-7CDB22312CAC}.Release|Any CPU.Build.0 = Release|Any CPU
		{1B7262E1-CD9F-4E09-8806-71F581ACE9E3}.Debug|Any CPU.ActiveCfg = Debug|Any CPU
		{1B7262E1-CD9F-4E09-8806-71F581ACE9E3}.Debug|Any CPU.Build.0 = Debug|Any CPU
		{1B7262E1-CD9F-4E09-8806-71F581ACE9E3}.Release|Any CPU.ActiveCfg = Release|Any CPU
		{1B7262E1-CD9F-4E09-8806-71F581ACE9E3}.Release|Any CPU.Build.0 = Release|Any CPU
		{15AB9251-6154-49A0-BFA9-F9D4665F2CC8}.Debug|Any CPU.ActiveCfg = Debug|Any CPU
		{15AB9251-6154-49A0-BFA9-F9D4665F2CC8}.Debug|Any CPU.Build.0 = Debug|Any CPU
		{15AB9251-6154-49A0-BFA9-F9D4665F2CC8}.Release|Any CPU.ActiveCfg = Release|Any CPU
		{15AB9251-6154-49A0-BFA9-F9D4665F2CC8}.Release|Any CPU.Build.0 = Release|Any CPU
	EndGlobalSection
	GlobalSection(SolutionProperties) = preSolution
		HideSolutionNode = FALSE
	EndGlobalSection
	GlobalSection(ExtensibilityGlobals) = postSolution
		SolutionGuid = {CD14FC5F-1B65-47FF-93A7-353000B44676}
	EndGlobalSection
EndGlobal
